Microsoft Visual Studio Solution File, Format Version 11.00
# Visual Studio 2008

Project("{11F0BDC5-4ADF-2745-0CB5-FB4B0BB3A4F7}") = "Divided by bullets", "Assembly-CSharp-firstpass.csproj", "{49924AA4-852B-32A7-F4C8-0FF1D3EC9BD1}"
EndProject
Project("{11F0BDC5-4ADF-2745-0CB5-FB4B0BB3A4F7}") = "Divided by bullets", "Assembly-CSharp.csproj", "{10A52FFE-79BA-0DC9-798F-A7A6F1481578}"
EndProject
Global
	GlobalSection(SolutionConfigurationPlatforms) = preSolution
		Debug|Any CPU = Debug|Any CPU
		Release|Any CPU = Release|Any CPU
	EndGlobalSection
	GlobalSection(ProjectConfigurationPlatforms) = postSolution
		{49924AA4-852B-32A7-F4C8-0FF1D3EC9BD1}.Debug|Any CPU.ActiveCfg = Debug|Any CPU
		{49924AA4-852B-32A7-F4C8-0FF1D3EC9BD1}.Debug|Any CPU.Build.0 = Debug|Any CPU
		{49924AA4-852B-32A7-F4C8-0FF1D3EC9BD1}.Release|Any CPU.ActiveCfg = Release|Any CPU
		{49924AA4-852B-32A7-F4C8-0FF1D3EC9BD1}.Release|Any CPU.Build.0 = Release|Any CPU
		{10A52FFE-79BA-0DC9-798F-A7A6F1481578}.Debug|Any CPU.ActiveCfg = Debug|Any CPU
		{10A52FFE-79BA-0DC9-798F-A7A6F1481578}.Debug|Any CPU.Build.0 = Debug|Any CPU
		{10A52FFE-79BA-0DC9-798F-A7A6F1481578}.Release|Any CPU.ActiveCfg = Release|Any CPU
		{10A52FFE-79BA-0DC9-798F-A7A6F1481578}.Release|Any CPU.Build.0 = Release|Any CPU
	EndGlobalSection
	GlobalSection(SolutionProperties) = preSolution
		HideSolutionNode = FALSE
	EndGlobalSection
	GlobalSection(MonoDevelopProperties) = preSolution
		StartupItem = Assembly-CSharp.csproj
	EndGlobalSection
EndGlobal
